
Microsoft Visual Studio Solution File, Format Version 12.00
# Visual Studio Version 16
VisualStudioVersion = 16.0.29806.167
MinimumVisualStudioVersion = 10.0.40219.1
Project("{FAE04EC0-301F-11D3-BF4B-00C04F79EFBC}") = "KivalitaAPI", "KivalitaAPI\KivalitaAPI.csproj", "{1F108122-62B8-465A-A500-A3973BAF4CAA}"
EndProject
Global
	GlobalSection(SolutionConfigurationPlatforms) = preSolution
		Debug|Any CPU = Debug|Any CPU
		Release|Any CPU = Release|Any CPU
	EndGlobalSection
	GlobalSection(ProjectConfigurationPlatforms) = postSolution
		{1F108122-62B8-465A-A500-A3973BAF4CAA}.Debug|Any CPU.ActiveCfg = Debug|Any CPU
		{1F108122-62B8-465A-A500-A3973BAF4CAA}.Debug|Any CPU.Build.0 = Debug|Any CPU
		{1F108122-62B8-465A-A500-A3973BAF4CAA}.Release|Any CPU.ActiveCfg = Release|Any CPU
		{1F108122-62B8-465A-A500-A3973BAF4CAA}.Release|Any CPU.Build.0 = Release|Any CPU
	EndGlobalSection
	GlobalSection(SolutionProperties) = preSolution
		HideSolutionNode = FALSE
	EndGlobalSection
	GlobalSection(ExtensibilityGlobals) = postSolution
		SolutionGuid = {D188EE9E-4F17-4230-882B-7E3A374E9F90}
	EndGlobalSection
EndGlobal
